
Microsoft Visual Studio Solution File, Format Version 12.00
# Visual Studio Version 17
VisualStudioVersion = 17.14.36915.13
MinimumVisualStudioVersion = 10.0.40219.1
Project("{2150E333-8FDC-42A3-9474-1A3956D46DE8}") = "Chapter00", "Chapter00", "{DDB4EF12-CC4E-5E88-E6FC-71A802F4DE97}"
EndProject
Project("{2150E333-8FDC-42A3-9474-1A3956D46DE8}") = "Chapter01", "Chapter01", "{22EBDF26-2ACE-4F45-A03B-1BC3AD419D4D}"
EndProject
Project("{2150E333-8FDC-42A3-9474-1A3956D46DE8}") = "Chapter02", "Chapter02", "{89638832-38CA-404D-8C88-996EAD946498}"
EndProject
Project("{2150E333-8FDC-42A3-9474-1A3956D46DE8}") = "距離換算プログラム", "距離換算プログラム", "{4999705E-84A9-403D-B27A-F3698B27B5CA}"
EndProject
Project("{2150E333-8FDC-42A3-9474-1A3956D46DE8}") = "売上集計プログラム", "売上集計プログラム", "{8A300068-7BC0-4BA5-A878-0B81ADF8868F}"
EndProject
Project("{2150E333-8FDC-42A3-9474-1A3956D46DE8}") = "Chapter03", "Chapter03", "{E1F30B08-3384-45A9-938E-A217B60A21F9}"
EndProject
Project("{2150E333-8FDC-42A3-9474-1A3956D46DE8}") = "ラムダ式とLINQ", "ラムダ式とLINQ", "{9CB03013-519A-4F4B-9E34-E27B3BBCD594}"
EndProject
Project("{2150E333-8FDC-42A3-9474-1A3956D46DE8}") = "演習問題", "演習問題", "{8B6E4A71-44A8-4D87-A79D-BFE8669E3533}"
EndProject
Project("{2150E333-8FDC-42A3-9474-1A3956D46DE8}") = "Chapter04", "Chapter04", "{07C304E7-76C8-4FD9-8222-2EE4C0DB632A}"
EndProject
Project("{2150E333-8FDC-42A3-9474-1A3956D46DE8}") = "P98 nullに関するイディオム", "P98 nullに関するイディオム", "{C9F95176-E618-41DB-8F03-1C83C638DB12}"
EndProject
Project("{2150E333-8FDC-42A3-9474-1A3956D46DE8}") = "演習問題", "演習問題", "{3FE63851-25A7-4BBF-941C-1FA9EA91267A}"
EndProject
Project("{2150E333-8FDC-42A3-9474-1A3956D46DE8}") = "Chapter05", "Chapter05", "{0E6FD037-CA7C-476D-BB3C-09226458FFC7}"
EndProject
Project("{2150E333-8FDC-42A3-9474-1A3956D46DE8}") = "プロパティに関するイディオム", "プロパティに関するイディオム", "{A79967D9-706C-4531-8149-4E4B78E7B622}"
EndProject
Project("{2150E333-8FDC-42A3-9474-1A3956D46DE8}") = "メソッドに関するイディオム", "メソッドに関するイディオム", "{F8FE16CC-AD3D-4F30-BB67-F2062B231F6F}"
EndProject
Project("{2150E333-8FDC-42A3-9474-1A3956D46DE8}") = "演習問題", "演習問題", "{2D6969EE-5C07-4E2A-9851-1E80D888CF70}"
EndProject
Project("{2150E333-8FDC-42A3-9474-1A3956D46DE8}") = "Chapter06", "Chapter06", "{B27AC4D9-356E-4A02-A7FA-25C45E026FF0}"
EndProject
Project("{2150E333-8FDC-42A3-9474-1A3956D46DE8}") = "演習問題", "演習問題", "{F84BD4BE-5852-4556-9EB6-9628143C4BF9}"
EndProject
Project("{2150E333-8FDC-42A3-9474-1A3956D46DE8}") = "文字列の比較", "文字列の比較", "{5E83C809-E5C4-4D16-9EF8-C6DF8E7F5E78}"
EndProject
Project("{2150E333-8FDC-42A3-9474-1A3956D46DE8}") = "文字列の連結と分割", "文字列の連結と分割", "{27614DCC-2C4F-4641-A3AB-AB19268B1C6E}"
EndProject
Project("{2150E333-8FDC-42A3-9474-1A3956D46DE8}") = "Chapter07", "Chapter07", "{DCD6834E-1F97-4EE7-B224-0237506EFD2A}"
EndProject
Project("{2150E333-8FDC-42A3-9474-1A3956D46DE8}") = "演習問題", "演習問題", "{DA06D701-FE31-43C4-A94E-2D39B23140C2}"
EndProject
Project("{2150E333-8FDC-42A3-9474-1A3956D46DE8}") = "Chapter08", "Chapter08", "{E148B27A-3BC6-4881-80E3-565BA01E8DB0}"
EndProject
Project("{2150E333-8FDC-42A3-9474-1A3956D46DE8}") = "TestProject", "TestProject", "{3F2337C5-D695-4840-A28D-7590126C0E32}"
EndProject
Project("{FAE04EC0-301F-11D3-BF4B-00C04F79EFBC}") = "Sample0415", "..\Chaputer00\Sample0415\Sample0415\Sample0415.csproj", "{15901A07-BD6C-8236-0F50-52F45BBE70D0}"
EndProject
Project("{FAE04EC0-301F-11D3-BF4B-00C04F79EFBC}") = "Sanple0413", "..\Chaputer00\Sanple0413\Sanple0413\Sanple0413.csproj", "{D281DAEF-7402-F59D-8AC6-119E7DF2A3D8}"
EndProject
Project("{FAE04EC0-301F-11D3-BF4B-00C04F79EFBC}") = "DistanceConverter", "..\Chapter02\距離換算プログラム\DistanceConverter\DistanceConverter.csproj", "{1C055EC1-328C-45C2-19C4-2B3A08A84002}"
EndProject
Project("{FAE04EC0-301F-11D3-BF4B-00C04F79EFBC}") = "SalesCalculator", "..\Chapter02\売上集計プログラム\SalesCalculator\SalesCalculator.csproj", "{5F8CA570-5628-4128-017B-67C6FA0AF69D}"
EndProject
Project("{FAE04EC0-301F-11D3-BF4B-00C04F79EFBC}") = "Exercise01", "..\Chapter02\演習問題\Exercise01\Exercise01.csproj", "{8A80E36D-1894-01CF-E3C6-6A858A1D7B0A}"
EndProject
Project("{FAE04EC0-301F-11D3-BF4B-00C04F79EFBC}") = "Exercise02", "..\Chapter02\演習問題\Exercise02\Exercise02.csproj", "{F5A80C4F-A705-D5AB-D1E6-5A4259EFA787}"
EndProject
Project("{FAE04EC0-301F-11D3-BF4B-00C04F79EFBC}") = "Section01", "..\chapter03\ラムダ式とLINQ\Section01\Section01.csproj", "{8DA2E84C-C489-9701-3C98-CF6C0ADE0F94}"
EndProject
Project("{FAE04EC0-301F-11D3-BF4B-00C04F79EFBC}") = "Section04", "..\chapter03\ラムダ式とLINQ\Section04\Section04.csproj", "{D92EF0DB-8681-03E0-6005-BB5076549A70}"
EndProject
Project("{FAE04EC0-301F-11D3-BF4B-00C04F79EFBC}") = "Exercise01", "..\chapter03\演習問題\Exercise01\Exercise01.csproj", "{A2E2CF0F-7D47-B7BC-F7C7-790EC8E84941}"
EndProject
Project("{FAE04EC0-301F-11D3-BF4B-00C04F79EFBC}") = "Exercise02", "..\Chaputer00\Sample0416\Exercise02\Exercise02.csproj", "{041B8B0A-75FB-BC8F-D75C-51C4EFE660AC}"
EndProject
Project("{FAE04EC0-301F-11D3-BF4B-00C04F79EFBC}") = "Section04", "..\Chapter04\nullに関するイディオム\Section04\Section04.csproj", "{AAB9FC6E-CAE6-C6FD-1A87-692DB1A60BA3}"
EndProject
Project("{FAE04EC0-301F-11D3-BF4B-00C04F79EFBC}") = "Exercise01", "..\Chapter04\演習問題\Exercise01\Exercise01.csproj", "{84365875-59FF-AC4F-FAC5-AB258F0A9CE1}"
EndProject
Project("{FAE04EC0-301F-11D3-BF4B-00C04F79EFBC}") = "Exercise02", "..\Chapter04\演習問題\Exercise02\Exercise02\Exercise02.csproj", "{CB0DBBAD-50CE-740A-F025-B278380586B0}"
EndProject
Project("{FAE04EC0-301F-11D3-BF4B-00C04F79EFBC}") = "Code4_36", "..\Chapter04\文字列を数値に変換する\Code4_36\Code4_36.csproj", "{03911F15-FFAA-9DB1-AEA4-BB70F213ED2F}"
EndProject
Project("{FAE04EC0-301F-11D3-BF4B-00C04F79EFBC}") = "Section01", "..\Chapter05\Section01\Section01.csproj", "{3D9CC44D-CFB8-670E-C5AA-489449DF1E0D}"
EndProject
Project("{FAE04EC0-301F-11D3-BF4B-00C04F79EFBC}") = "Section02", "..\Chapter05\Section02\Section02.csproj", "{EC83621B-506E-266B-A9EF-B19CD3D2A2D0}"
EndProject
Project("{FAE04EC0-301F-11D3-BF4B-00C04F79EFBC}") = "Exercise01", "..\Chapter05\演習問題\Exercise01\Exercise01.csproj", "{2B86A7DD-25F8-297C-E62D-55EF8E85B219}"
EndProject
Project("{FAE04EC0-301F-11D3-BF4B-00C04F79EFBC}") = "Exercise02", "..\Chapter05\演習問題\Exercise02\Exercise02.csproj", "{D554D81C-C05D-7D95-3AC2-FE1AC70B29C5}"
EndProject
Project("{FAE04EC0-301F-11D3-BF4B-00C04F79EFBC}") = "Exercise03", "..\Chapter05\演習問題\Exercise03\Exercise03.csproj", "{E6CEDE7D-F109-4C7E-3D4C-C2EE30E3968D}"
EndProject
Project("{FAE04EC0-301F-11D3-BF4B-00C04F79EFBC}") = "Exercise01", "..\Chapter06\演習問題\Exercise01\Exercise01.csproj", "{5AAA4E91-5B4E-E587-2234-9C18A2197CE1}"
EndProject
Project("{FAE04EC0-301F-11D3-BF4B-00C04F79EFBC}") = "Exercise02", "..\Chapter06\演習問題\Exercise02\Exercise02.csproj", "{17BECAC3-055F-4DFD-74EC-44D58A1A22B5}"
EndProject
Project("{FAE04EC0-301F-11D3-BF4B-00C04F79EFBC}") = "Exercise03", "..\Chapter06\演習問題\Exercise03\Exercise03.csproj", "{A70EBDC7-8447-8C53-8BFA-9DAA4392419F}"
EndProject
Project("{FAE04EC0-301F-11D3-BF4B-00C04F79EFBC}") = "Exercise04", "..\Chapter06\演習問題\Exercise04\Exercise04.csproj", "{09E58772-5CD9-197B-854B-FA1B08DFAD4D}"
EndProject
Project("{FAE04EC0-301F-11D3-BF4B-00C04F79EFBC}") = "Section01", "..\Chapter06\Section01\Section01.csproj", "{7FDC8186-E0A0-C55F-AC88-E259954A5407}"
EndProject
Project("{FAE04EC0-301F-11D3-BF4B-00C04F79EFBC}") = "Section05", "..\Chapter06\文字列の連結と分割\Section05\Section05.csproj", "{15F27390-76B3-AEE7-B2F6-F08284A1DEAC}"
EndProject
Project("{FAE04EC0-301F-11D3-BF4B-00C04F79EFBC}") = "Exercise01", "..\Chapter07\演習問題\Exercise01\Exercise01.csproj", "{18A96521-3779-C45D-2F65-E22081637B44}"
EndProject
Project("{FAE04EC0-301F-11D3-BF4B-00C04F79EFBC}") = "Exercise02", "..\Chapter07\演習問題\Exercise02\Exercise02.csproj", "{F54F9DC2-79C8-5FB1-DF84-207C7FD956F4}"
EndProject
Project("{FAE04EC0-301F-11D3-BF4B-00C04F79EFBC}") = "Section01", "..\Chapter07\Section01\Section01.csproj", "{072AC3C7-C79E-5A36-7D17-873A396FC37D}"
EndProject
Project("{FAE04EC0-301F-11D3-BF4B-00C04F79EFBC}") = "Section01", "..\Chapter08\Section01\Section01.csproj", "{09C5E592-2D4F-E855-F571-DC88D5AA8D4D}"
EndProject
Project("{FAE04EC0-301F-11D3-BF4B-00C04F79EFBC}") = "Test01_01", "..\TestProject\Test01_01\Test01_01.csproj", "{E3F41E9F-AC11-7F47-A900-061869646F1D}"
EndProject
Project("{FAE04EC0-301F-11D3-BF4B-00C04F79EFBC}") = "Test01_02", "..\TestProject\Test01_02\Test01_02.csproj", "{F78F9C26-1367-6824-CDD1-1CE5C22219FA}"
EndProject
Project("{FAE04EC0-301F-11D3-BF4B-00C04F79EFBC}") = "Section02", "..\Chapter08\Section02\Section02.csproj", "{ACF9C7F1-C9C1-4912-8541-7273A03615BA}"
EndProject
Project("{FAE04EC0-301F-11D3-BF4B-00C04F79EFBC}") = "Section03", "..\Chapter08\Section03\Section03.csproj", "{B18189B9-C881-4A0D-84A4-E770BC407375}"
EndProject
Project("{2150E333-8FDC-42A3-9474-1A3956D46DE8}") = "演習問題", "演習問題", "{45B82D55-EBFC-4E30-91EE-E1DC1DB44435}"
EndProject
Project("{FAE04EC0-301F-11D3-BF4B-00C04F79EFBC}") = "Exercise01", "Exercise01\Exercise01.csproj", "{F4164D89-CF71-419A-8239-C21F22A3CA21}"
EndProject
Project("{2150E333-8FDC-42A3-9474-1A3956D46DE8}") = "Chapter09", "Chapter09", "{7B3B957E-BD28-4891-AC89-39DDF4B65205}"
EndProject
Project("{FAE04EC0-301F-11D3-BF4B-00C04F79EFBC}") = "Section01", "..\Chapter09\Section01\Section01\Section01.csproj", "{36A161FE-C62F-40E9-9780-27A9A7AD6DD5}"
EndProject
Project("{2150E333-8FDC-42A3-9474-1A3956D46DE8}") = "演習問題", "演習問題", "{243B00E0-7151-4F88-82F5-DB9D61E3A63A}"
EndProject
Project("{FAE04EC0-301F-11D3-BF4B-00C04F79EFBC}") = "Exercise01", "..\Chapter09\演習問題\Exercise01\Exercise01.csproj", "{C957A953-0912-4F3B-9318-CBC25627A760}"
EndProject
Global
	GlobalSection(SolutionConfigurationPlatforms) = preSolution
		Debug|Any CPU = Debug|Any CPU
		Release|Any CPU = Release|Any CPU
	EndGlobalSection
	GlobalSection(ProjectConfigurationPlatforms) = postSolution
		{15901A07-BD6C-8236-0F50-52F45BBE70D0}.Debug|Any CPU.ActiveCfg = Debug|Any CPU
		{15901A07-BD6C-8236-0F50-52F45BBE70D0}.Debug|Any CPU.Build.0 = Debug|Any CPU
		{15901A07-BD6C-8236-0F50-52F45BBE70D0}.Release|Any CPU.ActiveCfg = Release|Any CPU
		{15901A07-BD6C-8236-0F50-52F45BBE70D0}.Release|Any CPU.Build.0 = Release|Any CPU
		{D281DAEF-7402-F59D-8AC6-119E7DF2A3D8}.Debug|Any CPU.ActiveCfg = Debug|Any CPU
		{D281DAEF-7402-F59D-8AC6-119E7DF2A3D8}.Debug|Any CPU.Build.0 = Debug|Any CPU
		{D281DAEF-7402-F59D-8AC6-119E7DF2A3D8}.Release|Any CPU.ActiveCfg = Release|Any CPU
		{D281DAEF-7402-F59D-8AC6-119E7DF2A3D8}.Release|Any CPU.Build.0 = Release|Any CPU
		{1C055EC1-328C-45C2-19C4-2B3A08A84002}.Debug|Any CPU.ActiveCfg = Debug|Any CPU
		{1C055EC1-328C-45C2-19C4-2B3A08A84002}.Debug|Any CPU.Build.0 = Debug|Any CPU
		{1C055EC1-328C-45C2-19C4-2B3A08A84002}.Release|Any CPU.ActiveCfg = Release|Any CPU
		{1C055EC1-328C-45C2-19C4-2B3A08A84002}.Release|Any CPU.Build.0 = Release|Any CPU
		{5F8CA570-5628-4128-017B-67C6FA0AF69D}.Debug|Any CPU.ActiveCfg = Debug|Any CPU
		{5F8CA570-5628-4128-017B-67C6FA0AF69D}.Debug|Any CPU.Build.0 = Debug|Any CPU
		{5F8CA570-5628-4128-017B-67C6FA0AF69D}.Release|Any CPU.ActiveCfg = Release|Any CPU
		{5F8CA570-5628-4128-017B-67C6FA0AF69D}.Release|Any CPU.Build.0 = Release|Any CPU
		{8A80E36D-1894-01CF-E3C6-6A858A1D7B0A}.Debug|Any CPU.ActiveCfg = Debug|Any CPU
		{8A80E36D-1894-01CF-E3C6-6A858A1D7B0A}.Debug|Any CPU.Build.0 = Debug|Any CPU
		{8A80E36D-1894-01CF-E3C6-6A858A1D7B0A}.Release|Any CPU.ActiveCfg = Release|Any CPU
		{8A80E36D-1894-01CF-E3C6-6A858A1D7B0A}.Release|Any CPU.Build.0 = Release|Any CPU
		{F5A80C4F-A705-D5AB-D1E6-5A4259EFA787}.Debug|Any CPU.ActiveCfg = Debug|Any CPU
		{F5A80C4F-A705-D5AB-D1E6-5A4259EFA787}.Debug|Any CPU.Build.0 = Debug|Any CPU
		{F5A80C4F-A705-D5AB-D1E6-5A4259EFA787}.Release|Any CPU.ActiveCfg = Release|Any CPU
		{F5A80C4F-A705-D5AB-D1E6-5A4259EFA787}.Release|Any CPU.Build.0 = Release|Any CPU
		{8DA2E84C-C489-9701-3C98-CF6C0ADE0F94}.Debug|Any CPU.ActiveCfg = Debug|Any CPU
		{8DA2E84C-C489-9701-3C98-CF6C0ADE0F94}.Debug|Any CPU.Build.0 = Debug|Any CPU
		{8DA2E84C-C489-9701-3C98-CF6C0ADE0F94}.Release|Any CPU.ActiveCfg = Release|Any CPU
		{8DA2E84C-C489-9701-3C98-CF6C0ADE0F94}.Release|Any CPU.Build.0 = Release|Any CPU
		{D92EF0DB-8681-03E0-6005-BB5076549A70}.Debug|Any CPU.ActiveCfg = Debug|Any CPU
		{D92EF0DB-8681-03E0-6005-BB5076549A70}.Debug|Any CPU.Build.0 = Debug|Any CPU
		{D92EF0DB-8681-03E0-6005-BB5076549A70}.Release|Any CPU.ActiveCfg = Release|Any CPU
		{D92EF0DB-8681-03E0-6005-BB5076549A70}.Release|Any CPU.Build.0 = Release|Any CPU
		{A2E2CF0F-7D47-B7BC-F7C7-790EC8E84941}.Debug|Any CPU.ActiveCfg = Debug|Any CPU
		{A2E2CF0F-7D47-B7BC-F7C7-790EC8E84941}.Debug|Any CPU.Build.0 = Debug|Any CPU
		{A2E2CF0F-7D47-B7BC-F7C7-790EC8E84941}.Release|Any CPU.ActiveCfg = Release|Any CPU
		{A2E2CF0F-7D47-B7BC-F7C7-790EC8E84941}.Release|Any CPU.Build.0 = Release|Any CPU
		{041B8B0A-75FB-BC8F-D75C-51C4EFE660AC}.Debug|Any CPU.ActiveCfg = Debug|Any CPU
		{041B8B0A-75FB-BC8F-D75C-51C4EFE660AC}.Debug|Any CPU.Build.0 = Debug|Any CPU
		{041B8B0A-75FB-BC8F-D75C-51C4EFE660AC}.Release|Any CPU.ActiveCfg = Release|Any CPU
		{041B8B0A-75FB-BC8F-D75C-51C4EFE660AC}.Release|Any CPU.Build.0 = Release|Any CPU
		{AAB9FC6E-CAE6-C6FD-1A87-692DB1A60BA3}.Debug|Any CPU.ActiveCfg = Debug|Any CPU
		{AAB9FC6E-CAE6-C6FD-1A87-692DB1A60BA3}.Debug|Any CPU.Build.0 = Debug|Any CPU
		{AAB9FC6E-CAE6-C6FD-1A87-692DB1A60BA3}.Release|Any CPU.ActiveCfg = Release|Any CPU
		{AAB9FC6E-CAE6-C6FD-1A87-692DB1A60BA3}.Release|Any CPU.Build.0 = Release|Any CPU
		{84365875-59FF-AC4F-FAC5-AB258F0A9CE1}.Debug|Any CPU.ActiveCfg = Debug|Any CPU
		{84365875-59FF-AC4F-FAC5-AB258F0A9CE1}.Debug|Any CPU.Build.0 = Debug|Any CPU
		{84365875-59FF-AC4F-FAC5-AB258F0A9CE1}.Release|Any CPU.ActiveCfg = Release|Any CPU
		{84365875-59FF-AC4F-FAC5-AB258F0A9CE1}.Release|Any CPU.Build.0 = Release|Any CPU
		{CB0DBBAD-50CE-740A-F025-B278380586B0}.Debug|Any CPU.ActiveCfg = Debug|Any CPU
		{CB0DBBAD-50CE-740A-F025-B278380586B0}.Debug|Any CPU.Build.0 = Debug|Any CPU
		{CB0DBBAD-50CE-740A-F025-B278380586B0}.Release|Any CPU.ActiveCfg = Release|Any CPU
		{CB0DBBAD-50CE-740A-F025-B278380586B0}.Release|Any CPU.Build.0 = Release|Any CPU
		{03911F15-FFAA-9DB1-AEA4-BB70F213ED2F}.Debug|Any CPU.ActiveCfg = Debug|Any CPU
		{03911F15-FFAA-9DB1-AEA4-BB70F213ED2F}.Debug|Any CPU.Build.0 = Debug|Any CPU
		{03911F15-FFAA-9DB1-AEA4-BB70F213ED2F}.Release|Any CPU.ActiveCfg = Release|Any CPU
		{03911F15-FFAA-9DB1-AEA4-BB70F213ED2F}.Release|Any CPU.Build.0 = Release|Any CPU
		{3D9CC44D-CFB8-670E-C5AA-489449DF1E0D}.Debug|Any CPU.ActiveCfg = Debug|Any CPU
		{3D9CC44D-CFB8-670E-C5AA-489449DF1E0D}.Debug|Any CPU.Build.0 = Debug|Any CPU
		{3D9CC44D-CFB8-670E-C5AA-489449DF1E0D}.Release|Any CPU.ActiveCfg = Release|Any CPU
		{3D9CC44D-CFB8-670E-C5AA-489449DF1E0D}.Release|Any CPU.Build.0 = Release|Any CPU
		{EC83621B-506E-266B-A9EF-B19CD3D2A2D0}.Debug|Any CPU.ActiveCfg = Debug|Any CPU
		{EC83621B-506E-266B-A9EF-B19CD3D2A2D0}.Debug|Any CPU.Build.0 = Debug|Any CPU
		{EC83621B-506E-266B-A9EF-B19CD3D2A2D0}.Release|Any CPU.ActiveCfg = Release|Any CPU
		{EC83621B-506E-266B-A9EF-B19CD3D2A2D0}.Release|Any CPU.Build.0 = Release|Any CPU
		{2B86A7DD-25F8-297C-E62D-55EF8E85B219}.Debug|Any CPU.ActiveCfg = Debug|Any CPU
		{2B86A7DD-25F8-297C-E62D-55EF8E85B219}.Debug|Any CPU.Build.0 = Debug|Any CPU
		{2B86A7DD-25F8-297C-E62D-55EF8E85B219}.Release|Any CPU.ActiveCfg = Release|Any CPU
		{2B86A7DD-25F8-297C-E62D-55EF8E85B219}.Release|Any CPU.Build.0 = Release|Any CPU
		{D554D81C-C05D-7D95-3AC2-FE1AC70B29C5}.Debug|Any CPU.ActiveCfg = Debug|Any CPU
		{D554D81C-C05D-7D95-3AC2-FE1AC70B29C5}.Debug|Any CPU.Build.0 = Debug|Any CPU
		{D554D81C-C05D-7D95-3AC2-FE1AC70B29C5}.Release|Any CPU.ActiveCfg = Release|Any CPU
		{D554D81C-C05D-7D95-3AC2-FE1AC70B29C5}.Release|Any CPU.Build.0 = Release|Any CPU
		{E6CEDE7D-F109-4C7E-3D4C-C2EE30E3968D}.Debug|Any CPU.ActiveCfg = Debug|Any CPU
		{E6CEDE7D-F109-4C7E-3D4C-C2EE30E3968D}.Debug|Any CPU.Build.0 = Debug|Any CPU
		{E6CEDE7D-F109-4C7E-3D4C-C2EE30E3968D}.Release|Any CPU.ActiveCfg = Release|Any CPU
		{E6CEDE7D-F109-4C7E-3D4C-C2EE30E3968D}.Release|Any CPU.Build.0 = Release|Any CPU
		{5AAA4E91-5B4E-E587-2234-9C18A2197CE1}.Debug|Any CPU.ActiveCfg = Debug|Any CPU
		{5AAA4E91-5B4E-E587-2234-9C18A2197CE1}.Debug|Any CPU.Build.0 = Debug|Any CPU
		{5AAA4E91-5B4E-E587-2234-9C18A2197CE1}.Release|Any CPU.ActiveCfg = Release|Any CPU
		{5AAA4E91-5B4E-E587-2234-9C18A2197CE1}.Release|Any CPU.Build.0 = Release|Any CPU
		{17BECAC3-055F-4DFD-74EC-44D58A1A22B5}.Debug|Any CPU.ActiveCfg = Debug|Any CPU
		{17BECAC3-055F-4DFD-74EC-44D58A1A22B5}.Debug|Any CPU.Build.0 = Debug|Any CPU
		{17BECAC3-055F-4DFD-74EC-44D58A1A22B5}.Release|Any CPU.ActiveCfg = Release|Any CPU
		{17BECAC3-055F-4DFD-74EC-44D58A1A22B5}.Release|Any CPU.Build.0 = Release|Any CPU
		{A70EBDC7-8447-8C53-8BFA-9DAA4392419F}.Debug|Any CPU.ActiveCfg = Debug|Any CPU
		{A70EBDC7-8447-8C53-8BFA-9DAA4392419F}.Debug|Any CPU.Build.0 = Debug|Any CPU
		{A70EBDC7-8447-8C53-8BFA-9DAA4392419F}.Release|Any CPU.ActiveCfg = Release|Any CPU
		{A70EBDC7-8447-8C53-8BFA-9DAA4392419F}.Release|Any CPU.Build.0 = Release|Any CPU
		{09E58772-5CD9-197B-854B-FA1B08DFAD4D}.Debug|Any CPU.ActiveCfg = Debug|Any CPU
		{09E58772-5CD9-197B-854B-FA1B08DFAD4D}.Debug|Any CPU.Build.0 = Debug|Any CPU
		{09E58772-5CD9-197B-854B-FA1B08DFAD4D}.Release|Any CPU.ActiveCfg = Release|Any CPU
		{09E58772-5CD9-197B-854B-FA1B08DFAD4D}.Release|Any CPU.Build.0 = Release|Any CPU
		{7FDC8186-E0A0-C55F-AC88-E259954A5407}.Debug|Any CPU.ActiveCfg = Debug|Any CPU
		{7FDC8186-E0A0-C55F-AC88-E259954A5407}.Debug|Any CPU.Build.0 = Debug|Any CPU
		{7FDC8186-E0A0-C55F-AC88-E259954A5407}.Release|Any CPU.ActiveCfg = Release|Any CPU
		{7FDC8186-E0A0-C55F-AC88-E259954A5407}.Release|Any CPU.Build.0 = Release|Any CPU
		{15F27390-76B3-AEE7-B2F6-F08284A1DEAC}.Debug|Any CPU.ActiveCfg = Debug|Any CPU
		{15F27390-76B3-AEE7-B2F6-F08284A1DEAC}.Debug|Any CPU.Build.0 = Debug|Any CPU
		{15F27390-76B3-AEE7-B2F6-F08284A1DEAC}.Release|Any CPU.ActiveCfg = Release|Any CPU
		{15F27390-76B3-AEE7-B2F6-F08284A1DEAC}.Release|Any CPU.Build.0 = Release|Any CPU
		{18A96521-3779-C45D-2F65-E22081637B44}.Debug|Any CPU.ActiveCfg = Debug|Any CPU
		{18A96521-3779-C45D-2F65-E22081637B44}.Debug|Any CPU.Build.0 = Debug|Any CPU
		{18A96521-3779-C45D-2F65-E22081637B44}.Release|Any CPU.ActiveCfg = Release|Any CPU
		{18A96521-3779-C45D-2F65-E22081637B44}.Release|Any CPU.Build.0 = Release|Any CPU
		{F54F9DC2-79C8-5FB1-DF84-207C7FD956F4}.Debug|Any CPU.ActiveCfg = Debug|Any CPU
		{F54F9DC2-79C8-5FB1-DF84-207C7FD956F4}.Debug|Any CPU.Build.0 = Debug|Any CPU
		{F54F9DC2-79C8-5FB1-DF84-207C7FD956F4}.Release|Any CPU.ActiveCfg = Release|Any CPU
		{F54F9DC2-79C8-5FB1-DF84-207C7FD956F4}.Release|Any CPU.Build.0 = Release|Any CPU
		{072AC3C7-C79E-5A36-7D17-873A396FC37D}.Debug|Any CPU.ActiveCfg = Debug|Any CPU
		{072AC3C7-C79E-5A36-7D17-873A396FC37D}.Debug|Any CPU.Build.0 = Debug|Any CPU
		{072AC3C7-C79E-5A36-7D17-873A396FC37D}.Release|Any CPU.ActiveCfg = Release|Any CPU
		{072AC3C7-C79E-5A36-7D17-873A396FC37D}.Release|Any CPU.Build.0 = Release|Any CPU
		{09C5E592-2D4F-E855-F571-DC88D5AA8D4D}.Debug|Any CPU.ActiveCfg = Debug|Any CPU
		{09C5E592-2D4F-E855-F571-DC88D5AA8D4D}.Debug|Any CPU.Build.0 = Debug|Any CPU
		{09C5E592-2D4F-E855-F571-DC88D5AA8D4D}.Release|Any CPU.ActiveCfg = Release|Any CPU
		{09C5E592-2D4F-E855-F571-DC88D5AA8D4D}.Release|Any CPU.Build.0 = Release|Any CPU
		{E3F41E9F-AC11-7F47-A900-061869646F1D}.Debug|Any CPU.ActiveCfg = Debug|Any CPU
		{E3F41E9F-AC11-7F47-A900-061869646F1D}.Debug|Any CPU.Build.0 = Debug|Any CPU
		{E3F41E9F-AC11-7F47-A900-061869646F1D}.Release|Any CPU.ActiveCfg = Release|Any CPU
		{E3F41E9F-AC11-7F47-A900-061869646F1D}.Release|Any CPU.Build.0 = Release|Any CPU
		{F78F9C26-1367-6824-CDD1-1CE5C22219FA}.Debug|Any CPU.ActiveCfg = Debug|Any CPU
		{F78F9C26-1367-6824-CDD1-1CE5C22219FA}.Debug|Any CPU.Build.0 = Debug|Any CPU
		{F78F9C26-1367-6824-CDD1-1CE5C22219FA}.Release|Any CPU.ActiveCfg = Release|Any CPU
		{F78F9C26-1367-6824-CDD1-1CE5C22219FA}.Release|Any CPU.Build.0 = Release|Any CPU
		{ACF9C7F1-C9C1-4912-8541-7273A03615BA}.Debug|Any CPU.ActiveCfg = Debug|Any CPU
		{ACF9C7F1-C9C1-4912-8541-7273A03615BA}.Debug|Any CPU.Build.0 = Debug|Any CPU
		{ACF9C7F1-C9C1-4912-8541-7273A03615BA}.Release|Any CPU.ActiveCfg = Release|Any CPU
		{ACF9C7F1-C9C1-4912-8541-7273A03615BA}.Release|Any CPU.Build.0 = Release|Any CPU
		{B18189B9-C881-4A0D-84A4-E770BC407375}.Debug|Any CPU.ActiveCfg = Debug|Any CPU
		{B18189B9-C881-4A0D-84A4-E770BC407375}.Debug|Any CPU.Build.0 = Debug|Any CPU
		{B18189B9-C881-4A0D-84A4-E770BC407375}.Release|Any CPU.ActiveCfg = Release|Any CPU
		{B18189B9-C881-4A0D-84A4-E770BC407375}.Release|Any CPU.Build.0 = Release|Any CPU
		{F4164D89-CF71-419A-8239-C21F22A3CA21}.Debug|Any CPU.ActiveCfg = Debug|Any CPU
		{F4164D89-CF71-419A-8239-C21F22A3CA21}.Debug|Any CPU.Build.0 = Debug|Any CPU
		{F4164D89-CF71-419A-8239-C21F22A3CA21}.Release|Any CPU.ActiveCfg = Release|Any CPU
		{F4164D89-CF71-419A-8239-C21F22A3CA21}.Release|Any CPU.Build.0 = Release|Any CPU
		{36A161FE-C62F-40E9-9780-27A9A7AD6DD5}.Debug|Any CPU.ActiveCfg = Debug|Any CPU
		{36A161FE-C62F-40E9-9780-27A9A7AD6DD5}.Debug|Any CPU.Build.0 = Debug|Any CPU
		{36A161FE-C62F-40E9-9780-27A9A7AD6DD5}.Release|Any CPU.ActiveCfg = Release|Any CPU
		{36A161FE-C62F-40E9-9780-27A9A7AD6DD5}.Release|Any CPU.Build.0 = Release|Any CPU
		{C957A953-0912-4F3B-9318-CBC25627A760}.Debug|Any CPU.ActiveCfg = Debug|Any CPU
		{C957A953-0912-4F3B-9318-CBC25627A760}.Debug|Any CPU.Build.0 = Debug|Any CPU
		{C957A953-0912-4F3B-9318-CBC25627A760}.Release|Any CPU.ActiveCfg = Release|Any CPU
		{C957A953-0912-4F3B-9318-CBC25627A760}.Release|Any CPU.Build.0 = Release|Any CPU
	EndGlobalSection
	GlobalSection(SolutionProperties) = preSolution
		HideSolutionNode = FALSE
	EndGlobalSection
	GlobalSection(NestedProjects) = preSolution
		{4999705E-84A9-403D-B27A-F3698B27B5CA} = {89638832-38CA-404D-8C88-996EAD946498}
		{8A300068-7BC0-4BA5-A878-0B81ADF8868F} = {89638832-38CA-404D-8C88-996EAD946498}
		{9CB03013-519A-4F4B-9E34-E27B3BBCD594} = {E1F30B08-3384-45A9-938E-A217B60A21F9}
		{8B6E4A71-44A8-4D87-A79D-BFE8669E3533} = {E1F30B08-3384-45A9-938E-A217B60A21F9}
		{C9F95176-E618-41DB-8F03-1C83C638DB12} = {07C304E7-76C8-4FD9-8222-2EE4C0DB632A}
		{3FE63851-25A7-4BBF-941C-1FA9EA91267A} = {07C304E7-76C8-4FD9-8222-2EE4C0DB632A}
		{A79967D9-706C-4531-8149-4E4B78E7B622} = {0E6FD037-CA7C-476D-BB3C-09226458FFC7}
		{F8FE16CC-AD3D-4F30-BB67-F2062B231F6F} = {0E6FD037-CA7C-476D-BB3C-09226458FFC7}
		{2D6969EE-5C07-4E2A-9851-1E80D888CF70} = {0E6FD037-CA7C-476D-BB3C-09226458FFC7}
		{F84BD4BE-5852-4556-9EB6-9628143C4BF9} = {B27AC4D9-356E-4A02-A7FA-25C45E026FF0}
		{5E83C809-E5C4-4D16-9EF8-C6DF8E7F5E78} = {B27AC4D9-356E-4A02-A7FA-25C45E026FF0}
		{27614DCC-2C4F-4641-A3AB-AB19268B1C6E} = {B27AC4D9-356E-4A02-A7FA-25C45E026FF0}
		{DA06D701-FE31-43C4-A94E-2D39B23140C2} = {DCD6834E-1F97-4EE7-B224-0237506EFD2A}
		{15901A07-BD6C-8236-0F50-52F45BBE70D0} = {DDB4EF12-CC4E-5E88-E6FC-71A802F4DE97}
		{D281DAEF-7402-F59D-8AC6-119E7DF2A3D8} = {DDB4EF12-CC4E-5E88-E6FC-71A802F4DE97}
		{1C055EC1-328C-45C2-19C4-2B3A08A84002} = {4999705E-84A9-403D-B27A-F3698B27B5CA}
		{5F8CA570-5628-4128-017B-67C6FA0AF69D} = {8A300068-7BC0-4BA5-A878-0B81ADF8868F}
		{8A80E36D-1894-01CF-E3C6-6A858A1D7B0A} = {89638832-38CA-404D-8C88-996EAD946498}
		{F5A80C4F-A705-D5AB-D1E6-5A4259EFA787} = {89638832-38CA-404D-8C88-996EAD946498}
		{8DA2E84C-C489-9701-3C98-CF6C0ADE0F94} = {9CB03013-519A-4F4B-9E34-E27B3BBCD594}
		{D92EF0DB-8681-03E0-6005-BB5076549A70} = {9CB03013-519A-4F4B-9E34-E27B3BBCD594}
		{A2E2CF0F-7D47-B7BC-F7C7-790EC8E84941} = {8B6E4A71-44A8-4D87-A79D-BFE8669E3533}
		{041B8B0A-75FB-BC8F-D75C-51C4EFE660AC} = {8B6E4A71-44A8-4D87-A79D-BFE8669E3533}
		{AAB9FC6E-CAE6-C6FD-1A87-692DB1A60BA3} = {C9F95176-E618-41DB-8F03-1C83C638DB12}
		{84365875-59FF-AC4F-FAC5-AB258F0A9CE1} = {3FE63851-25A7-4BBF-941C-1FA9EA91267A}
		{CB0DBBAD-50CE-740A-F025-B278380586B0} = {3FE63851-25A7-4BBF-941C-1FA9EA91267A}
		{03911F15-FFAA-9DB1-AEA4-BB70F213ED2F} = {07C304E7-76C8-4FD9-8222-2EE4C0DB632A}
		{3D9CC44D-CFB8-670E-C5AA-489449DF1E0D} = {A79967D9-706C-4531-8149-4E4B78E7B622}
		{EC83621B-506E-266B-A9EF-B19CD3D2A2D0} = {F8FE16CC-AD3D-4F30-BB67-F2062B231F6F}
		{2B86A7DD-25F8-297C-E62D-55EF8E85B219} = {2D6969EE-5C07-4E2A-9851-1E80D888CF70}
		{D554D81C-C05D-7D95-3AC2-FE1AC70B29C5} = {2D6969EE-5C07-4E2A-9851-1E80D888CF70}
		{E6CEDE7D-F109-4C7E-3D4C-C2EE30E3968D} = {2D6969EE-5C07-4E2A-9851-1E80D888CF70}
		{5AAA4E91-5B4E-E587-2234-9C18A2197CE1} = {F84BD4BE-5852-4556-9EB6-9628143C4BF9}
		{17BECAC3-055F-4DFD-74EC-44D58A1A22B5} = {F84BD4BE-5852-4556-9EB6-9628143C4BF9}
		{A70EBDC7-8447-8C53-8BFA-9DAA4392419F} = {F84BD4BE-5852-4556-9EB6-9628143C4BF9}
		{09E58772-5CD9-197B-854B-FA1B08DFAD4D} = {F84BD4BE-5852-4556-9EB6-9628143C4BF9}
		{7FDC8186-E0A0-C55F-AC88-E259954A5407} = {5E83C809-E5C4-4D16-9EF8-C6DF8E7F5E78}
		{15F27390-76B3-AEE7-B2F6-F08284A1DEAC} = {27614DCC-2C4F-4641-A3AB-AB19268B1C6E}
		{18A96521-3779-C45D-2F65-E22081637B44} = {DA06D701-FE31-43C4-A94E-2D39B23140C2}
		{F54F9DC2-79C8-5FB1-DF84-207C7FD956F4} = {DA06D701-FE31-43C4-A94E-2D39B23140C2}
		{072AC3C7-C79E-5A36-7D17-873A396FC37D} = {DCD6834E-1F97-4EE7-B224-0237506EFD2A}
		{09C5E592-2D4F-E855-F571-DC88D5AA8D4D} = {E148B27A-3BC6-4881-80E3-565BA01E8DB0}
		{E3F41E9F-AC11-7F47-A900-061869646F1D} = {3F2337C5-D695-4840-A28D-7590126C0E32}
		{F78F9C26-1367-6824-CDD1-1CE5C22219FA} = {3F2337C5-D695-4840-A28D-7590126C0E32}
		{ACF9C7F1-C9C1-4912-8541-7273A03615BA} = {E148B27A-3BC6-4881-80E3-565BA01E8DB0}
		{B18189B9-C881-4A0D-84A4-E770BC407375} = {E148B27A-3BC6-4881-80E3-565BA01E8DB0}
		{45B82D55-EBFC-4E30-91EE-E1DC1DB44435} = {E148B27A-3BC6-4881-80E3-565BA01E8DB0}
		{F4164D89-CF71-419A-8239-C21F22A3CA21} = {45B82D55-EBFC-4E30-91EE-E1DC1DB44435}
		{36A161FE-C62F-40E9-9780-27A9A7AD6DD5} = {7B3B957E-BD28-4891-AC89-39DDF4B65205}
		{243B00E0-7151-4F88-82F5-DB9D61E3A63A} = {7B3B957E-BD28-4891-AC89-39DDF4B65205}
		{C957A953-0912-4F3B-9318-CBC25627A760} = {243B00E0-7151-4F88-82F5-DB9D61E3A63A}
	EndGlobalSection
	GlobalSection(ExtensibilityGlobals) = postSolution
		SolutionGuid = {2D607AF8-486B-4078-B513-E4267A42E05F}
	EndGlobalSection
EndGlobal
