
Microsoft Visual Studio Solution File, Format Version 12.00
# Visual Studio Version 17
VisualStudioVersion = 17.14.36915.13
MinimumVisualStudioVersion = 10.0.40219.1
Project("{2150E333-8FDC-42A3-9474-1A3956D46DE8}") = "Chapter00", "Chapter00", "{DDB4EF12-CC4E-5E88-E6FC-71A802F4DE97}"
EndProject
Project("{FAE04EC0-301F-11D3-BF4B-00C04F79EFBC}") = "Sample0416", "Sample0416\Sample0416.csproj", "{8700C678-3D0A-4A23-DF80-7E311A254C0F}"
EndProject
Project("{FAE04EC0-301F-11D3-BF4B-00C04F79EFBC}") = "Sample0415", "..\Sample0415\Sample0415\Sample0415.csproj", "{E776A6AF-6E77-C36C-3278-45A2216F3BC1}"
EndProject
Project("{FAE04EC0-301F-11D3-BF4B-00C04F79EFBC}") = "Sanple0413", "..\Sanple0413\Sanple0413\Sanple0413.csproj", "{D78A6E7C-0385-CCF4-55BE-E461038F6CAF}"
EndProject
Project("{2150E333-8FDC-42A3-9474-1A3956D46DE8}") = "Chapter01", "Chapter01", "{C2A38577-2E41-4376-9698-695F235CE48D}"
EndProject
Project("{2150E333-8FDC-42A3-9474-1A3956D46DE8}") = "Chapter02", "Chapter02", "{78BFE173-37D1-450E-BE64-A5EC7A9862DE}"
EndProject
Project("{2150E333-8FDC-42A3-9474-1A3956D46DE8}") = "距離換算プログラム", "距離換算プログラム", "{76931287-478E-44A3-88CF-7482ED29E24D}"
EndProject
Project("{2150E333-8FDC-42A3-9474-1A3956D46DE8}") = "Chapter04", "Chapter04", "{3817E492-D713-4DBE-9AE1-02C7131FF7E8}"
EndProject
Project("{FAE04EC0-301F-11D3-BF4B-00C04F79EFBC}") = "Code4_36", "..\..\Chapter04\文字列を数値に変換する\Code4_36\Code4_36.csproj", "{10A93B38-7775-2098-22EE-EF2BA9602553}"
EndProject
Project("{FAE04EC0-301F-11D3-BF4B-00C04F79EFBC}") = "DistanceConverter", "..\..\Chapter02\距離換算プログラム\DistanceConverter\DistanceConverter.csproj", "{A28EDF82-EB0A-C8AE-E81A-02E908C5ADAC}"
EndProject
Project("{2150E333-8FDC-42A3-9474-1A3956D46DE8}") = "売上集計プログラム", "売上集計プログラム", "{E7AB2D9D-FC6D-433B-A788-0984589A3743}"
EndProject
Project("{FAE04EC0-301F-11D3-BF4B-00C04F79EFBC}") = "SalesCalculator", "..\..\Chaputer02\売上集計プログラム\SalesCalculator\SalesCalculator.csproj", "{7644F7F0-4FD8-49F5-A805-E65A14EBB40E}"
EndProject
Project("{FAE04EC0-301F-11D3-BF4B-00C04F79EFBC}") = "Exercise01", "..\..\Chaputer02\演習問題\Exercise01\Exercise01.csproj", "{7455D928-0397-4C6D-A058-342643D0FA01}"
EndProject
Project("{FAE04EC0-301F-11D3-BF4B-00C04F79EFBC}") = "Exercise02", "..\..\Chaputer02\演習問題\Exercise02\Exercise02.csproj", "{2CE5B235-5F67-4C55-9168-948F786895C4}"
EndProject
Project("{2150E333-8FDC-42A3-9474-1A3956D46DE8}") = "chapter03", "chapter03", "{203EF611-1DDB-4B40-B5AE-4ADA53AEB55D}"
EndProject
Project("{2150E333-8FDC-42A3-9474-1A3956D46DE8}") = "ラムダ式とLINQ", "ラムダ式とLINQ", "{F35D1367-D72F-4900-BFB8-D244BFEA202D}"
EndProject
Project("{FAE04EC0-301F-11D3-BF4B-00C04F79EFBC}") = "Section01", "..\..\chapter03\ラムダ式とLINQ\Section01\Section01.csproj", "{030A07D5-9E88-4F76-B83C-9657EFAFF48A}"
EndProject
Project("{FAE04EC0-301F-11D3-BF4B-00C04F79EFBC}") = "Section04", "..\..\chapter03\ラムダ式とLINQ\Section04\Section04.csproj", "{3C11E7D9-18D4-402C-ADF4-C401491E8D76}"
EndProject
Project("{2150E333-8FDC-42A3-9474-1A3956D46DE8}") = "演習問題", "演習問題", "{FED47764-E933-40C4-8330-D056857074B9}"
EndProject
Project("{FAE04EC0-301F-11D3-BF4B-00C04F79EFBC}") = "Exercise01", "..\..\chapter03\演習問題\Exercise01\Exercise01.csproj", "{6E1D7C3B-4F0B-4173-BA33-AC7BCD613AE7}"
EndProject
Project("{2150E333-8FDC-42A3-9474-1A3956D46DE8}") = "P98 nullに関するイディオム", "P98 nullに関するイディオム", "{2DF11120-55E5-4B78-93F2-A8E328569008}"
EndProject
Project("{FAE04EC0-301F-11D3-BF4B-00C04F79EFBC}") = "Section04", "..\..\Chapter04\nullに関するイディオム\Section04\Section04.csproj", "{A1436609-D79D-4216-99F6-CF3C6C1923A7}"
EndProject
Project("{FAE04EC0-301F-11D3-BF4B-00C04F79EFBC}") = "Exercise02", "Exercise02\Exercise02.csproj", "{9253EBDA-7E13-4C38-B2EF-8980579400C7}"
EndProject
Project("{2150E333-8FDC-42A3-9474-1A3956D46DE8}") = "演習問題", "演習問題", "{33AEDC98-1F2B-4B2F-A3D2-8FE0E5AB4764}"
EndProject
Project("{FAE04EC0-301F-11D3-BF4B-00C04F79EFBC}") = "Exercise01", "..\..\Chapter04\演習問題\Exercise01\Exercise01.csproj", "{35EDA188-4BF1-4615-9B09-39E7977B0948}"
EndProject
Project("{FAE04EC0-301F-11D3-BF4B-00C04F79EFBC}") = "Exercise02", "..\..\Chapter04\演習問題\Exercise02\Exercise02\Exercise02.csproj", "{7894FCB5-5D57-613D-C6C7-EE32EE933284}"
EndProject
Project("{2150E333-8FDC-42A3-9474-1A3956D46DE8}") = "Chapter05", "Chapter05", "{63E3A99B-004E-4B84-85CB-91B8A27F0F1A}"
EndProject
Project("{2150E333-8FDC-42A3-9474-1A3956D46DE8}") = "プロパティに関するイディオム", "プロパティに関するイディオム", "{1BEE3743-9D5F-44D6-957D-A678E70C1653}"
EndProject
Project("{FAE04EC0-301F-11D3-BF4B-00C04F79EFBC}") = "Section01", "..\..\Chapter05\Section01\Section01.csproj", "{4CF331D8-DB81-416B-B2E3-9FA3D397BD9E}"
EndProject
Project("{2150E333-8FDC-42A3-9474-1A3956D46DE8}") = "メソッドに関するイディオム", "メソッドに関するイディオム", "{21073000-A50C-43FF-9C5E-177A8E405DC7}"
EndProject
Project("{FAE04EC0-301F-11D3-BF4B-00C04F79EFBC}") = "Section02", "..\..\Chapter05\Section02\Section02.csproj", "{30029BFB-3E16-4034-90AF-B681A3D1FA95}"
EndProject
Project("{2150E333-8FDC-42A3-9474-1A3956D46DE8}") = "演習問題", "演習問題", "{876EEFD8-6CB7-44A3-A321-C09FA5E8592F}"
EndProject
Project("{FAE04EC0-301F-11D3-BF4B-00C04F79EFBC}") = "Exercise01", "..\..\Chapter05\演習問題\Exercise01\Exercise01.csproj", "{473D144A-2F74-42E5-BEE5-92447F0CE4A7}"
EndProject
Project("{FAE04EC0-301F-11D3-BF4B-00C04F79EFBC}") = "Exercise02", "..\..\Chapter05\演習問題\Exercise02\Exercise02.csproj", "{9F120CFC-603F-DF15-99CE-4DA2A7C75E61}"
EndProject
Project("{FAE04EC0-301F-11D3-BF4B-00C04F79EFBC}") = "Exercise03", "..\..\Chapter05\演習問題\Exercise03\Exercise03.csproj", "{E238590E-C5ED-430D-8435-D01A3DAF04C1}"
EndProject
Project("{2150E333-8FDC-42A3-9474-1A3956D46DE8}") = "Chapter06", "Chapter06", "{D0E1062E-D0FB-4C6A-A9C0-581F115EB2B8}"
EndProject
Project("{2150E333-8FDC-42A3-9474-1A3956D46DE8}") = "文字列の比較", "文字列の比較", "{2BB2F876-8A76-4616-9E47-7FAB47ECCD36}"
EndProject
Project("{FAE04EC0-301F-11D3-BF4B-00C04F79EFBC}") = "Section01", "..\..\Chapter06\Section01\Section01.csproj", "{6E09CA49-733E-4E1F-B960-E92EFD92FBCF}"
EndProject
Project("{2150E333-8FDC-42A3-9474-1A3956D46DE8}") = "演習問題", "演習問題", "{C89C755B-90D0-4272-81F8-513F8DCAFDD3}"
EndProject
Project("{FAE04EC0-301F-11D3-BF4B-00C04F79EFBC}") = "Exercise01", "..\..\Chapter06\演習問題\Exercise01\Exercise01.csproj", "{6B406453-842E-4AA9-A0B7-76E60AC0DCF6}"
EndProject
Project("{FAE04EC0-301F-11D3-BF4B-00C04F79EFBC}") = "Exercise02", "..\..\Chapter06\演習問題\Exercise02\Exercise02.csproj", "{D54FE103-92A0-47FA-BCC9-76555929CD9A}"
EndProject
Project("{FAE04EC0-301F-11D3-BF4B-00C04F79EFBC}") = "Exercise03", "..\..\Chapter06\演習問題\Exercise03\Exercise03.csproj", "{6799E288-D995-4B33-AF03-F734225E18E6}"
EndProject
Project("{2150E333-8FDC-42A3-9474-1A3956D46DE8}") = "文字列の連結と分割", "文字列の連結と分割", "{D636C063-1232-4CF5-A242-11374134CAEF}"
EndProject
Project("{FAE04EC0-301F-11D3-BF4B-00C04F79EFBC}") = "Section05", "..\..\Chapter06\文字列の連結と分割\Section05\Section05.csproj", "{71A868BF-C75C-4942-91D8-D32820D9FA11}"
EndProject
Project("{FAE04EC0-301F-11D3-BF4B-00C04F79EFBC}") = "Exercise04", "..\..\Chapter06\演習問題\Exercise04\Exercise04.csproj", "{F8DBCA91-7E35-EECA-FF1B-EFCE545B2C2D}"
EndProject
Global
	GlobalSection(SolutionConfigurationPlatforms) = preSolution
		Debug|Any CPU = Debug|Any CPU
		Release|Any CPU = Release|Any CPU
	EndGlobalSection
	GlobalSection(ProjectConfigurationPlatforms) = postSolution
		{8700C678-3D0A-4A23-DF80-7E311A254C0F}.Debug|Any CPU.ActiveCfg = Debug|Any CPU
		{8700C678-3D0A-4A23-DF80-7E311A254C0F}.Debug|Any CPU.Build.0 = Debug|Any CPU
		{8700C678-3D0A-4A23-DF80-7E311A254C0F}.Release|Any CPU.ActiveCfg = Release|Any CPU
		{8700C678-3D0A-4A23-DF80-7E311A254C0F}.Release|Any CPU.Build.0 = Release|Any CPU
		{E776A6AF-6E77-C36C-3278-45A2216F3BC1}.Debug|Any CPU.ActiveCfg = Debug|Any CPU
		{E776A6AF-6E77-C36C-3278-45A2216F3BC1}.Debug|Any CPU.Build.0 = Debug|Any CPU
		{E776A6AF-6E77-C36C-3278-45A2216F3BC1}.Release|Any CPU.ActiveCfg = Release|Any CPU
		{E776A6AF-6E77-C36C-3278-45A2216F3BC1}.Release|Any CPU.Build.0 = Release|Any CPU
		{D78A6E7C-0385-CCF4-55BE-E461038F6CAF}.Debug|Any CPU.ActiveCfg = Debug|Any CPU
		{D78A6E7C-0385-CCF4-55BE-E461038F6CAF}.Debug|Any CPU.Build.0 = Debug|Any CPU
		{D78A6E7C-0385-CCF4-55BE-E461038F6CAF}.Release|Any CPU.ActiveCfg = Release|Any CPU
		{D78A6E7C-0385-CCF4-55BE-E461038F6CAF}.Release|Any CPU.Build.0 = Release|Any CPU
		{10A93B38-7775-2098-22EE-EF2BA9602553}.Debug|Any CPU.ActiveCfg = Debug|Any CPU
		{10A93B38-7775-2098-22EE-EF2BA9602553}.Debug|Any CPU.Build.0 = Debug|Any CPU
		{10A93B38-7775-2098-22EE-EF2BA9602553}.Release|Any CPU.ActiveCfg = Release|Any CPU
		{10A93B38-7775-2098-22EE-EF2BA9602553}.Release|Any CPU.Build.0 = Release|Any CPU
		{A28EDF82-EB0A-C8AE-E81A-02E908C5ADAC}.Debug|Any CPU.ActiveCfg = Debug|Any CPU
		{A28EDF82-EB0A-C8AE-E81A-02E908C5ADAC}.Debug|Any CPU.Build.0 = Debug|Any CPU
		{A28EDF82-EB0A-C8AE-E81A-02E908C5ADAC}.Release|Any CPU.ActiveCfg = Release|Any CPU
		{A28EDF82-EB0A-C8AE-E81A-02E908C5ADAC}.Release|Any CPU.Build.0 = Release|Any CPU
		{7644F7F0-4FD8-49F5-A805-E65A14EBB40E}.Debug|Any CPU.ActiveCfg = Debug|Any CPU
		{7644F7F0-4FD8-49F5-A805-E65A14EBB40E}.Debug|Any CPU.Build.0 = Debug|Any CPU
		{7644F7F0-4FD8-49F5-A805-E65A14EBB40E}.Release|Any CPU.ActiveCfg = Release|Any CPU
		{7644F7F0-4FD8-49F5-A805-E65A14EBB40E}.Release|Any CPU.Build.0 = Release|Any CPU
		{7455D928-0397-4C6D-A058-342643D0FA01}.Debug|Any CPU.ActiveCfg = Debug|Any CPU
		{7455D928-0397-4C6D-A058-342643D0FA01}.Debug|Any CPU.Build.0 = Debug|Any CPU
		{7455D928-0397-4C6D-A058-342643D0FA01}.Release|Any CPU.ActiveCfg = Release|Any CPU
		{7455D928-0397-4C6D-A058-342643D0FA01}.Release|Any CPU.Build.0 = Release|Any CPU
		{2CE5B235-5F67-4C55-9168-948F786895C4}.Debug|Any CPU.ActiveCfg = Debug|Any CPU
		{2CE5B235-5F67-4C55-9168-948F786895C4}.Debug|Any CPU.Build.0 = Debug|Any CPU
		{2CE5B235-5F67-4C55-9168-948F786895C4}.Release|Any CPU.ActiveCfg = Release|Any CPU
		{2CE5B235-5F67-4C55-9168-948F786895C4}.Release|Any CPU.Build.0 = Release|Any CPU
		{030A07D5-9E88-4F76-B83C-9657EFAFF48A}.Debug|Any CPU.ActiveCfg = Debug|Any CPU
		{030A07D5-9E88-4F76-B83C-9657EFAFF48A}.Debug|Any CPU.Build.0 = Debug|Any CPU
		{030A07D5-9E88-4F76-B83C-9657EFAFF48A}.Release|Any CPU.ActiveCfg = Release|Any CPU
		{030A07D5-9E88-4F76-B83C-9657EFAFF48A}.Release|Any CPU.Build.0 = Release|Any CPU
		{3C11E7D9-18D4-402C-ADF4-C401491E8D76}.Debug|Any CPU.ActiveCfg = Debug|Any CPU
		{3C11E7D9-18D4-402C-ADF4-C401491E8D76}.Debug|Any CPU.Build.0 = Debug|Any CPU
		{3C11E7D9-18D4-402C-ADF4-C401491E8D76}.Release|Any CPU.ActiveCfg = Release|Any CPU
		{3C11E7D9-18D4-402C-ADF4-C401491E8D76}.Release|Any CPU.Build.0 = Release|Any CPU
		{6E1D7C3B-4F0B-4173-BA33-AC7BCD613AE7}.Debug|Any CPU.ActiveCfg = Debug|Any CPU
		{6E1D7C3B-4F0B-4173-BA33-AC7BCD613AE7}.Debug|Any CPU.Build.0 = Debug|Any CPU
		{6E1D7C3B-4F0B-4173-BA33-AC7BCD613AE7}.Release|Any CPU.ActiveCfg = Release|Any CPU
		{6E1D7C3B-4F0B-4173-BA33-AC7BCD613AE7}.Release|Any CPU.Build.0 = Release|Any CPU
		{A1436609-D79D-4216-99F6-CF3C6C1923A7}.Debug|Any CPU.ActiveCfg = Debug|Any CPU
		{A1436609-D79D-4216-99F6-CF3C6C1923A7}.Debug|Any CPU.Build.0 = Debug|Any CPU
		{A1436609-D79D-4216-99F6-CF3C6C1923A7}.Release|Any CPU.ActiveCfg = Release|Any CPU
		{A1436609-D79D-4216-99F6-CF3C6C1923A7}.Release|Any CPU.Build.0 = Release|Any CPU
		{9253EBDA-7E13-4C38-B2EF-8980579400C7}.Debug|Any CPU.ActiveCfg = Debug|Any CPU
		{9253EBDA-7E13-4C38-B2EF-8980579400C7}.Debug|Any CPU.Build.0 = Debug|Any CPU
		{9253EBDA-7E13-4C38-B2EF-8980579400C7}.Release|Any CPU.ActiveCfg = Release|Any CPU
		{9253EBDA-7E13-4C38-B2EF-8980579400C7}.Release|Any CPU.Build.0 = Release|Any CPU
		{35EDA188-4BF1-4615-9B09-39E7977B0948}.Debug|Any CPU.ActiveCfg = Debug|Any CPU
		{35EDA188-4BF1-4615-9B09-39E7977B0948}.Debug|Any CPU.Build.0 = Debug|Any CPU
		{35EDA188-4BF1-4615-9B09-39E7977B0948}.Release|Any CPU.ActiveCfg = Release|Any CPU
		{35EDA188-4BF1-4615-9B09-39E7977B0948}.Release|Any CPU.Build.0 = Release|Any CPU
		{7894FCB5-5D57-613D-C6C7-EE32EE933284}.Debug|Any CPU.ActiveCfg = Debug|Any CPU
		{7894FCB5-5D57-613D-C6C7-EE32EE933284}.Debug|Any CPU.Build.0 = Debug|Any CPU
		{7894FCB5-5D57-613D-C6C7-EE32EE933284}.Release|Any CPU.ActiveCfg = Release|Any CPU
		{7894FCB5-5D57-613D-C6C7-EE32EE933284}.Release|Any CPU.Build.0 = Release|Any CPU
		{4CF331D8-DB81-416B-B2E3-9FA3D397BD9E}.Debug|Any CPU.ActiveCfg = Debug|Any CPU
		{4CF331D8-DB81-416B-B2E3-9FA3D397BD9E}.Debug|Any CPU.Build.0 = Debug|Any CPU
		{4CF331D8-DB81-416B-B2E3-9FA3D397BD9E}.Release|Any CPU.ActiveCfg = Release|Any CPU
		{4CF331D8-DB81-416B-B2E3-9FA3D397BD9E}.Release|Any CPU.Build.0 = Release|Any CPU
		{30029BFB-3E16-4034-90AF-B681A3D1FA95}.Debug|Any CPU.ActiveCfg = Debug|Any CPU
		{30029BFB-3E16-4034-90AF-B681A3D1FA95}.Debug|Any CPU.Build.0 = Debug|Any CPU
		{30029BFB-3E16-4034-90AF-B681A3D1FA95}.Release|Any CPU.ActiveCfg = Release|Any CPU
		{30029BFB-3E16-4034-90AF-B681A3D1FA95}.Release|Any CPU.Build.0 = Release|Any CPU
		{473D144A-2F74-42E5-BEE5-92447F0CE4A7}.Debug|Any CPU.ActiveCfg = Debug|Any CPU
		{473D144A-2F74-42E5-BEE5-92447F0CE4A7}.Debug|Any CPU.Build.0 = Debug|Any CPU
		{473D144A-2F74-42E5-BEE5-92447F0CE4A7}.Release|Any CPU.ActiveCfg = Release|Any CPU
		{473D144A-2F74-42E5-BEE5-92447F0CE4A7}.Release|Any CPU.Build.0 = Release|Any CPU
		{9F120CFC-603F-DF15-99CE-4DA2A7C75E61}.Debug|Any CPU.ActiveCfg = Debug|Any CPU
		{9F120CFC-603F-DF15-99CE-4DA2A7C75E61}.Debug|Any CPU.Build.0 = Debug|Any CPU
		{9F120CFC-603F-DF15-99CE-4DA2A7C75E61}.Release|Any CPU.ActiveCfg = Release|Any CPU
		{9F120CFC-603F-DF15-99CE-4DA2A7C75E61}.Release|Any CPU.Build.0 = Release|Any CPU
		{E238590E-C5ED-430D-8435-D01A3DAF04C1}.Debug|Any CPU.ActiveCfg = Debug|Any CPU
		{E238590E-C5ED-430D-8435-D01A3DAF04C1}.Debug|Any CPU.Build.0 = Debug|Any CPU
		{E238590E-C5ED-430D-8435-D01A3DAF04C1}.Release|Any CPU.ActiveCfg = Release|Any CPU
		{E238590E-C5ED-430D-8435-D01A3DAF04C1}.Release|Any CPU.Build.0 = Release|Any CPU
		{6E09CA49-733E-4E1F-B960-E92EFD92FBCF}.Debug|Any CPU.ActiveCfg = Debug|Any CPU
		{6E09CA49-733E-4E1F-B960-E92EFD92FBCF}.Debug|Any CPU.Build.0 = Debug|Any CPU
		{6E09CA49-733E-4E1F-B960-E92EFD92FBCF}.Release|Any CPU.ActiveCfg = Release|Any CPU
		{6E09CA49-733E-4E1F-B960-E92EFD92FBCF}.Release|Any CPU.Build.0 = Release|Any CPU
		{6B406453-842E-4AA9-A0B7-76E60AC0DCF6}.Debug|Any CPU.ActiveCfg = Debug|Any CPU
		{6B406453-842E-4AA9-A0B7-76E60AC0DCF6}.Debug|Any CPU.Build.0 = Debug|Any CPU
		{6B406453-842E-4AA9-A0B7-76E60AC0DCF6}.Release|Any CPU.ActiveCfg = Release|Any CPU
		{6B406453-842E-4AA9-A0B7-76E60AC0DCF6}.Release|Any CPU.Build.0 = Release|Any CPU
		{D54FE103-92A0-47FA-BCC9-76555929CD9A}.Debug|Any CPU.ActiveCfg = Debug|Any CPU
		{D54FE103-92A0-47FA-BCC9-76555929CD9A}.Debug|Any CPU.Build.0 = Debug|Any CPU
		{D54FE103-92A0-47FA-BCC9-76555929CD9A}.Release|Any CPU.ActiveCfg = Release|Any CPU
		{D54FE103-92A0-47FA-BCC9-76555929CD9A}.Release|Any CPU.Build.0 = Release|Any CPU
		{6799E288-D995-4B33-AF03-F734225E18E6}.Debug|Any CPU.ActiveCfg = Debug|Any CPU
		{6799E288-D995-4B33-AF03-F734225E18E6}.Debug|Any CPU.Build.0 = Debug|Any CPU
		{6799E288-D995-4B33-AF03-F734225E18E6}.Release|Any CPU.ActiveCfg = Release|Any CPU
		{6799E288-D995-4B33-AF03-F734225E18E6}.Release|Any CPU.Build.0 = Release|Any CPU
		{71A868BF-C75C-4942-91D8-D32820D9FA11}.Debug|Any CPU.ActiveCfg = Debug|Any CPU
		{71A868BF-C75C-4942-91D8-D32820D9FA11}.Debug|Any CPU.Build.0 = Debug|Any CPU
		{71A868BF-C75C-4942-91D8-D32820D9FA11}.Release|Any CPU.ActiveCfg = Release|Any CPU
		{71A868BF-C75C-4942-91D8-D32820D9FA11}.Release|Any CPU.Build.0 = Release|Any CPU
		{F8DBCA91-7E35-EECA-FF1B-EFCE545B2C2D}.Debug|Any CPU.ActiveCfg = Debug|Any CPU
		{F8DBCA91-7E35-EECA-FF1B-EFCE545B2C2D}.Debug|Any CPU.Build.0 = Debug|Any CPU
		{F8DBCA91-7E35-EECA-FF1B-EFCE545B2C2D}.Release|Any CPU.ActiveCfg = Release|Any CPU
		{F8DBCA91-7E35-EECA-FF1B-EFCE545B2C2D}.Release|Any CPU.Build.0 = Release|Any CPU
	EndGlobalSection
	GlobalSection(SolutionProperties) = preSolution
		HideSolutionNode = FALSE
	EndGlobalSection
	GlobalSection(NestedProjects) = preSolution
		{8700C678-3D0A-4A23-DF80-7E311A254C0F} = {DDB4EF12-CC4E-5E88-E6FC-71A802F4DE97}
		{E776A6AF-6E77-C36C-3278-45A2216F3BC1} = {DDB4EF12-CC4E-5E88-E6FC-71A802F4DE97}
		{D78A6E7C-0385-CCF4-55BE-E461038F6CAF} = {DDB4EF12-CC4E-5E88-E6FC-71A802F4DE97}
		{76931287-478E-44A3-88CF-7482ED29E24D} = {78BFE173-37D1-450E-BE64-A5EC7A9862DE}
		{10A93B38-7775-2098-22EE-EF2BA9602553} = {3817E492-D713-4DBE-9AE1-02C7131FF7E8}
		{A28EDF82-EB0A-C8AE-E81A-02E908C5ADAC} = {76931287-478E-44A3-88CF-7482ED29E24D}
		{E7AB2D9D-FC6D-433B-A788-0984589A3743} = {78BFE173-37D1-450E-BE64-A5EC7A9862DE}
		{7644F7F0-4FD8-49F5-A805-E65A14EBB40E} = {E7AB2D9D-FC6D-433B-A788-0984589A3743}
		{7455D928-0397-4C6D-A058-342643D0FA01} = {78BFE173-37D1-450E-BE64-A5EC7A9862DE}
		{2CE5B235-5F67-4C55-9168-948F786895C4} = {78BFE173-37D1-450E-BE64-A5EC7A9862DE}
		{F35D1367-D72F-4900-BFB8-D244BFEA202D} = {203EF611-1DDB-4B40-B5AE-4ADA53AEB55D}
		{030A07D5-9E88-4F76-B83C-9657EFAFF48A} = {F35D1367-D72F-4900-BFB8-D244BFEA202D}
		{3C11E7D9-18D4-402C-ADF4-C401491E8D76} = {F35D1367-D72F-4900-BFB8-D244BFEA202D}
		{FED47764-E933-40C4-8330-D056857074B9} = {203EF611-1DDB-4B40-B5AE-4ADA53AEB55D}
		{6E1D7C3B-4F0B-4173-BA33-AC7BCD613AE7} = {FED47764-E933-40C4-8330-D056857074B9}
		{2DF11120-55E5-4B78-93F2-A8E328569008} = {3817E492-D713-4DBE-9AE1-02C7131FF7E8}
		{A1436609-D79D-4216-99F6-CF3C6C1923A7} = {2DF11120-55E5-4B78-93F2-A8E328569008}
		{9253EBDA-7E13-4C38-B2EF-8980579400C7} = {FED47764-E933-40C4-8330-D056857074B9}
		{33AEDC98-1F2B-4B2F-A3D2-8FE0E5AB4764} = {3817E492-D713-4DBE-9AE1-02C7131FF7E8}
		{35EDA188-4BF1-4615-9B09-39E7977B0948} = {33AEDC98-1F2B-4B2F-A3D2-8FE0E5AB4764}
		{7894FCB5-5D57-613D-C6C7-EE32EE933284} = {33AEDC98-1F2B-4B2F-A3D2-8FE0E5AB4764}
		{1BEE3743-9D5F-44D6-957D-A678E70C1653} = {63E3A99B-004E-4B84-85CB-91B8A27F0F1A}
		{4CF331D8-DB81-416B-B2E3-9FA3D397BD9E} = {1BEE3743-9D5F-44D6-957D-A678E70C1653}
		{21073000-A50C-43FF-9C5E-177A8E405DC7} = {63E3A99B-004E-4B84-85CB-91B8A27F0F1A}
		{30029BFB-3E16-4034-90AF-B681A3D1FA95} = {21073000-A50C-43FF-9C5E-177A8E405DC7}
		{876EEFD8-6CB7-44A3-A321-C09FA5E8592F} = {63E3A99B-004E-4B84-85CB-91B8A27F0F1A}
		{473D144A-2F74-42E5-BEE5-92447F0CE4A7} = {876EEFD8-6CB7-44A3-A321-C09FA5E8592F}
		{9F120CFC-603F-DF15-99CE-4DA2A7C75E61} = {876EEFD8-6CB7-44A3-A321-C09FA5E8592F}
		{E238590E-C5ED-430D-8435-D01A3DAF04C1} = {876EEFD8-6CB7-44A3-A321-C09FA5E8592F}
		{2BB2F876-8A76-4616-9E47-7FAB47ECCD36} = {D0E1062E-D0FB-4C6A-A9C0-581F115EB2B8}
		{6E09CA49-733E-4E1F-B960-E92EFD92FBCF} = {2BB2F876-8A76-4616-9E47-7FAB47ECCD36}
		{C89C755B-90D0-4272-81F8-513F8DCAFDD3} = {D0E1062E-D0FB-4C6A-A9C0-581F115EB2B8}
		{6B406453-842E-4AA9-A0B7-76E60AC0DCF6} = {C89C755B-90D0-4272-81F8-513F8DCAFDD3}
		{D54FE103-92A0-47FA-BCC9-76555929CD9A} = {C89C755B-90D0-4272-81F8-513F8DCAFDD3}
		{6799E288-D995-4B33-AF03-F734225E18E6} = {C89C755B-90D0-4272-81F8-513F8DCAFDD3}
		{D636C063-1232-4CF5-A242-11374134CAEF} = {D0E1062E-D0FB-4C6A-A9C0-581F115EB2B8}
		{71A868BF-C75C-4942-91D8-D32820D9FA11} = {D636C063-1232-4CF5-A242-11374134CAEF}
		{F8DBCA91-7E35-EECA-FF1B-EFCE545B2C2D} = {C89C755B-90D0-4272-81F8-513F8DCAFDD3}
	EndGlobalSection
	GlobalSection(ExtensibilityGlobals) = postSolution
		SolutionGuid = {7CA4175E-C37B-4F6D-9A75-F84841523D18}
	EndGlobalSection
EndGlobal
