
Microsoft Visual Studio Solution File, Format Version 12.00
# Visual Studio Version 17
VisualStudioVersion = 17.14.36915.13
MinimumVisualStudioVersion = 10.0.40219.1
Project("{2150E333-8FDC-42A3-9474-1A3956D46DE8}") = "Chapter00", "Chapter00", "{DDB4EF12-CC4E-5E88-E6FC-71A802F4DE97}"
EndProject
Project("{FAE04EC0-301F-11D3-BF4B-00C04F79EFBC}") = "Sample0416", "Sample0416\Sample0416.csproj", "{8700C678-3D0A-4A23-DF80-7E311A254C0F}"
EndProject
Project("{FAE04EC0-301F-11D3-BF4B-00C04F79EFBC}") = "Sample0415", "..\Sample0415\Sample0415\Sample0415.csproj", "{E776A6AF-6E77-C36C-3278-45A2216F3BC1}"
EndProject
Project("{FAE04EC0-301F-11D3-BF4B-00C04F79EFBC}") = "Sanple0413", "..\Sanple0413\Sanple0413\Sanple0413.csproj", "{D78A6E7C-0385-CCF4-55BE-E461038F6CAF}"
EndProject
Project("{2150E333-8FDC-42A3-9474-1A3956D46DE8}") = "Chapter01", "Chapter01", "{C2A38577-2E41-4376-9698-695F235CE48D}"
EndProject
Project("{2150E333-8FDC-42A3-9474-1A3956D46DE8}") = "Chapter02", "Chapter02", "{78BFE173-37D1-450E-BE64-A5EC7A9862DE}"
EndProject
Project("{2150E333-8FDC-42A3-9474-1A3956D46DE8}") = "距離換算プログラム", "距離換算プログラム", "{76931287-478E-44A3-88CF-7482ED29E24D}"
EndProject
Project("{2150E333-8FDC-42A3-9474-1A3956D46DE8}") = "Chapter04", "Chapter04", "{3817E492-D713-4DBE-9AE1-02C7131FF7E8}"
EndProject
Project("{FAE04EC0-301F-11D3-BF4B-00C04F79EFBC}") = "Code4_36", "..\..\Chapter04\文字列を数値に変換する\Code4_36\Code4_36.csproj", "{10A93B38-7775-2098-22EE-EF2BA9602553}"
EndProject
Project("{FAE04EC0-301F-11D3-BF4B-00C04F79EFBC}") = "DistanceConverter", "..\..\Chapter02\距離換算プログラム\DistanceConverter\DistanceConverter.csproj", "{A28EDF82-EB0A-C8AE-E81A-02E908C5ADAC}"
EndProject
Project("{2150E333-8FDC-42A3-9474-1A3956D46DE8}") = "売上集計プログラム", "売上集計プログラム", "{E7AB2D9D-FC6D-433B-A788-0984589A3743}"
EndProject
Project("{FAE04EC0-301F-11D3-BF4B-00C04F79EFBC}") = "SalesCalculator", "..\..\Chaputer02\売上集計プログラム\SalesCalculator\SalesCalculator.csproj", "{7644F7F0-4FD8-49F5-A805-E65A14EBB40E}"
EndProject
Global
	GlobalSection(SolutionConfigurationPlatforms) = preSolution
		Debug|Any CPU = Debug|Any CPU
		Release|Any CPU = Release|Any CPU
	EndGlobalSection
	GlobalSection(ProjectConfigurationPlatforms) = postSolution
		{8700C678-3D0A-4A23-DF80-7E311A254C0F}.Debug|Any CPU.ActiveCfg = Debug|Any CPU
		{8700C678-3D0A-4A23-DF80-7E311A254C0F}.Debug|Any CPU.Build.0 = Debug|Any CPU
		{8700C678-3D0A-4A23-DF80-7E311A254C0F}.Release|Any CPU.ActiveCfg = Release|Any CPU
		{8700C678-3D0A-4A23-DF80-7E311A254C0F}.Release|Any CPU.Build.0 = Release|Any CPU
		{E776A6AF-6E77-C36C-3278-45A2216F3BC1}.Debug|Any CPU.ActiveCfg = Debug|Any CPU
		{E776A6AF-6E77-C36C-3278-45A2216F3BC1}.Debug|Any CPU.Build.0 = Debug|Any CPU
		{E776A6AF-6E77-C36C-3278-45A2216F3BC1}.Release|Any CPU.ActiveCfg = Release|Any CPU
		{E776A6AF-6E77-C36C-3278-45A2216F3BC1}.Release|Any CPU.Build.0 = Release|Any CPU
		{D78A6E7C-0385-CCF4-55BE-E461038F6CAF}.Debug|Any CPU.ActiveCfg = Debug|Any CPU
		{D78A6E7C-0385-CCF4-55BE-E461038F6CAF}.Debug|Any CPU.Build.0 = Debug|Any CPU
		{D78A6E7C-0385-CCF4-55BE-E461038F6CAF}.Release|Any CPU.ActiveCfg = Release|Any CPU
		{D78A6E7C-0385-CCF4-55BE-E461038F6CAF}.Release|Any CPU.Build.0 = Release|Any CPU
		{10A93B38-7775-2098-22EE-EF2BA9602553}.Debug|Any CPU.ActiveCfg = Debug|Any CPU
		{10A93B38-7775-2098-22EE-EF2BA9602553}.Debug|Any CPU.Build.0 = Debug|Any CPU
		{10A93B38-7775-2098-22EE-EF2BA9602553}.Release|Any CPU.ActiveCfg = Release|Any CPU
		{10A93B38-7775-2098-22EE-EF2BA9602553}.Release|Any CPU.Build.0 = Release|Any CPU
		{A28EDF82-EB0A-C8AE-E81A-02E908C5ADAC}.Debug|Any CPU.ActiveCfg = Debug|Any CPU
		{A28EDF82-EB0A-C8AE-E81A-02E908C5ADAC}.Debug|Any CPU.Build.0 = Debug|Any CPU
		{A28EDF82-EB0A-C8AE-E81A-02E908C5ADAC}.Release|Any CPU.ActiveCfg = Release|Any CPU
		{A28EDF82-EB0A-C8AE-E81A-02E908C5ADAC}.Release|Any CPU.Build.0 = Release|Any CPU
		{7644F7F0-4FD8-49F5-A805-E65A14EBB40E}.Debug|Any CPU.ActiveCfg = Debug|Any CPU
		{7644F7F0-4FD8-49F5-A805-E65A14EBB40E}.Debug|Any CPU.Build.0 = Debug|Any CPU
		{7644F7F0-4FD8-49F5-A805-E65A14EBB40E}.Release|Any CPU.ActiveCfg = Release|Any CPU
		{7644F7F0-4FD8-49F5-A805-E65A14EBB40E}.Release|Any CPU.Build.0 = Release|Any CPU
	EndGlobalSection
	GlobalSection(SolutionProperties) = preSolution
		HideSolutionNode = FALSE
	EndGlobalSection
	GlobalSection(NestedProjects) = preSolution
		{8700C678-3D0A-4A23-DF80-7E311A254C0F} = {DDB4EF12-CC4E-5E88-E6FC-71A802F4DE97}
		{E776A6AF-6E77-C36C-3278-45A2216F3BC1} = {DDB4EF12-CC4E-5E88-E6FC-71A802F4DE97}
		{D78A6E7C-0385-CCF4-55BE-E461038F6CAF} = {DDB4EF12-CC4E-5E88-E6FC-71A802F4DE97}
		{76931287-478E-44A3-88CF-7482ED29E24D} = {78BFE173-37D1-450E-BE64-A5EC7A9862DE}
		{10A93B38-7775-2098-22EE-EF2BA9602553} = {3817E492-D713-4DBE-9AE1-02C7131FF7E8}
		{A28EDF82-EB0A-C8AE-E81A-02E908C5ADAC} = {76931287-478E-44A3-88CF-7482ED29E24D}
		{E7AB2D9D-FC6D-433B-A788-0984589A3743} = {78BFE173-37D1-450E-BE64-A5EC7A9862DE}
		{7644F7F0-4FD8-49F5-A805-E65A14EBB40E} = {E7AB2D9D-FC6D-433B-A788-0984589A3743}
	EndGlobalSection
	GlobalSection(ExtensibilityGlobals) = postSolution
		SolutionGuid = {7CA4175E-C37B-4F6D-9A75-F84841523D18}
	EndGlobalSection
EndGlobal
